{
  "nodes": {
    "flake-utils": {
      "inputs": {
        "systems": "systems"
      },
      "locked": {
        "lastModified": 1731533236,
        "narHash": "sha256-l0KFg5HjrsfsO/JpG+r7fRrqm12kzFHyUHqHCVpMMbI=",
        "owner": "numtide",
        "repo": "flake-utils",
        "rev": "11707dc2f618dd54ca8739b309ec4fc024de578b",
        "type": "github"
      },
      "original": {
        "owner": "numtide",
        "repo": "flake-utils",
        "type": "github"
      }
    },
    "muse": {
      "flake": false,
      "locked": {
        "lastModified": 1782006387,
        "narHash": "sha256-13fZU1kbEucw5v0Oo6bBDbSG+WVvkK3Gg8fqNo1nzuE=",
        "owner": "blakeashleyjr",
        "repo": "muse",
        "rev": "65672ef7e3a8c03809da8b47deeb616c2ea54d68",
        "type": "github"
      },
      "original": {
        "owner": "blakeashleyjr",
        "repo": "muse",
        "rev": "65672ef7e3a8c03809da8b47deeb616c2ea54d68",
        "type": "github"
      }
    },
    "nixpkgs": {
      "locked": {
        "lastModified": 1783604885,
        "narHash": "sha256-tzMgSkV7kljEkqIjlgV6F+n+xD+/a35Db8bs7a4BFAo=",
        "owner": "NixOS",
        "repo": "nixpkgs",
        "rev": "767b0d3ec98a143ad9ed7dfc0d5553510ac27133",
        "type": "github"
      },
      "original": {
        "owner": "NixOS",
        "ref": "nixpkgs-unstable",
        "repo": "nixpkgs",
        "type": "github"
      }
    },
    "nixpkgs-yazi": {
      "locked": {
        "lastModified": 1783604885,
        "narHash": "sha256-tzMgSkV7kljEkqIjlgV6F+n+xD+/a35Db8bs7a4BFAo=",
        "owner": "NixOS",
        "repo": "nixpkgs",
        "rev": "767b0d3ec98a143ad9ed7dfc0d5553510ac27133",
        "type": "github"
      },
      "original": {
        "owner": "NixOS",
        "ref": "nixpkgs-unstable",
        "repo": "nixpkgs",
        "type": "github"
      }
    },
    "root": {
      "inputs": {
        "flake-utils": "flake-utils",
        "muse": "muse",
        "nixpkgs": "nixpkgs",
        "nixpkgs-yazi": "nixpkgs-yazi",
        "rust-overlay": "rust-overlay",
        "termiteChat": "termiteChat"
      }
    },
    "rust-overlay": {
      "inputs": {
        "nixpkgs": [
          "nixpkgs"
        ]
      },
      "locked": {
        "lastModified": 1783663825,
        "narHash": "sha256-TTrNVoFdEw8j0Hn+shP1KAsimTmszTWBIIUliTaAuY0=",
        "owner": "oxalica",
        "repo": "rust-overlay",
        "rev": "072adf9b18936c1062c48123a9b77891d5968f2c",
        "type": "github"
      },
      "original": {
        "owner": "oxalica",
        "repo": "rust-overlay",
        "type": "github"
      }
    },
    "systems": {
      "locked": {
        "lastModified": 1681028828,
        "narHash": "sha256-Vy1rq5AaRuLzOxct8nz4T6wlgyUR7zLU309k9mBC768=",
        "owner": "nix-systems",
        "repo": "default",
        "rev": "da67096a3b9bf56a91d16901293e51ba5b49a27e",
        "type": "github"
      },
      "original": {
        "owner": "nix-systems",
        "repo": "default",
        "type": "github"
      }
    },
    "termiteChat": {
      "flake": false,
      "locked": {
        "lastModified": 1781329554,
        "narHash": "sha256-VD6pd9ZEON2qczXkRc4G7dUpbi2iwvABd3L4dhRG0ac=",
        "owner": "blakeashleyjr",
        "repo": "termite-chat",
        "rev": "26b0aebfb8284cf7d1dfd76dcbb786c96eeface2",
        "type": "github"
      },
      "original": {
        "owner": "blakeashleyjr",
        "repo": "termite-chat",
        "rev": "26b0aebfb8284cf7d1dfd76dcbb786c96eeface2",
        "type": "github"
      }
    }
  },
  "root": "root",
  "version": 7
}
